
Microsoft Visual Studio Solution File, Format Version 12.00
# Visual Studio Version 16
VisualStudioVersion = 16.0.29728.190
MinimumVisualStudioVersion = 10.0.40219.1
Project("{FAE04EC0-301F-11D3-BF4B-00C04F79EFBC}") = "Validate", "Validate.csproj", "{721927E2-7F17-4432-9E81-0CFF2D1AA35C}"
EndProject
Global
	GlobalSection(SolutionConfigurationPlatforms) = preSolution
		Debug|Any CPU = Debug|Any CPU
		Release|Any CPU = Release|Any CPU
	EndGlobalSection
	GlobalSection(ProjectConfigurationPlatforms) = postSolution
		{721927E2-7F17-4432-9E81-0CFF2D1AA35C}.Debug|Any CPU.ActiveCfg = Debug|Any CPU
		{721927E2-7F17-4432-9E81-0CFF2D1AA35C}.Debug|Any CPU.Build.0 = Debug|Any CPU
		{721927E2-7F17-4432-9E81-0CFF2D1AA35C}.Release|Any CPU.ActiveCfg = Release|Any CPU
		{721927E2-7F17-4432-9E81-0CFF2D1AA35C}.Release|Any CPU.Build.0 = Release|Any CPU
	EndGlobalSection
	GlobalSection(SolutionProperties) = preSolution
		HideSolutionNode = FALSE
	EndGlobalSection
	GlobalSection(ExtensibilityGlobals) = postSolution
		SolutionGuid = {94B85F0A-638B-4D7A-B897-186FA8AEDB26}
	EndGlobalSection
EndGlobal
